// !$*UTF8*$!
{
	archiveVersion = 1;
	classes = {
	};
	objectVersion = 46;
	objects = {

/* Begin PBXBuildFile section */
		06CA4B3A1D9BFA24006F3AD3 /* main.m in Sources */ = {isa = PBXBuildFile; fileRef = 06CA4B391D9BFA24006F3AD3 /* main.m */; };
		06CA4B3D1D9BFA24006F3AD3 /* AppDelegate.m in Sources */ = {isa = PBXBuildFile; fileRef = 06CA4B3C1D9BFA24006F3AD3 /* AppDelegate.m */; };
		06CA4B401D9BFA24006F3AD3 /* ViewController.m in Sources */ = {isa = PBXBuildFile; fileRef = 06CA4B3F1D9BFA24006F3AD3 /* ViewController.m */; };
		06CA4B431D9BFA24006F3AD3 /* Main.storyboard in Resources */ = {isa = PBXBuildFile; fileRef = 06CA4B411D9BFA24006F3AD3 /* Main.storyboard */; };
		06CA4B451D9BFA24006F3AD3 /* Assets.xcassets in Resources */ = {isa = PBXBuildFile; fileRef = 06CA4B441D9BFA24006F3AD3 /* Assets.xcassets */; };
		06CA4B481D9BFA24006F3AD3 /* LaunchScreen.storyboard in Resources */ = {isa = PBXBuildFile; fileRef = 06CA4B461D9BFA24006F3AD3 /* LaunchScreen.storyboard */; };
		06CA4B591D9C0203006F3AD3 /* ReplayKit.framework in Frameworks */ = {isa = PBXBuildFile; fileRef = 06CA4B581D9C0203006F3AD3 /* ReplayKit.framework */; };
		06CA4B601D9C0203006F3AD3 /* SampleHandler.m in Sources */ = {isa = PBXBuildFile; fileRef = 06CA4B5F1D9C0203006F3AD3 /* SampleHandler.m */; };
		06CA4B671D9C0203006F3AD3 /* ReplayKit.framework in Frameworks */ = {isa = PBXBuildFile; fileRef = 06CA4B581D9C0203006F3AD3 /* ReplayKit.framework */; };
		06CA4B691D9C0203006F3AD3 /* UIKit.framework in Frameworks */ = {isa = PBXBuildFile; fileRef = 06CA4B681D9C0203006F3AD3 /* UIKit.framework */; };
		06CA4B6D1D9C0203006F3AD3 /* BroadcastViewController.m in Sources */ = {isa = PBXBuildFile; fileRef = 06CA4B6C1D9C0203006F3AD3 /* BroadcastViewController.m */; };
		06CA4B701D9C0203006F3AD3 /* MainInterface.storyboard in Resources */ = {isa = PBXBuildFile; fileRef = 06CA4B6E1D9C0203006F3AD3 /* MainInterface.storyboard */; };
		06CA4B741D9C0203006F3AD3 /* KSYRKUploadExtUI.appex in Embed App Extensions */ = {isa = PBXBuildFile; fileRef = 06CA4B661D9C0203006F3AD3 /* KSYRKUploadExtUI.appex */; settings = {ATTRIBUTES = (RemoveHeadersOnCopy, ); }; };
		06CA4B771D9C0203006F3AD3 /* KSYRKUploadExt.appex in Embed App Extensions */ = {isa = PBXBuildFile; fileRef = 06CA4B561D9C0203006F3AD3 /* KSYRKUploadExt.appex */; settings = {ATTRIBUTES = (RemoveHeadersOnCopy, ); }; };
		06DDC3991D9E335E0014B545 /* KSYRKStreamerKit.m in Sources */ = {isa = PBXBuildFile; fileRef = 06DDC3971D9E335E0014B545 /* KSYRKStreamerKit.m */; };
/* End PBXBuildFile section */

/* Begin PBXContainerItemProxy section */
		06CA4B721D9C0203006F3AD3 /* PBXContainerItemProxy */ = {
			isa = PBXContainerItemProxy;
			containerPortal = 06CA4B2D1D9BFA24006F3AD3 /* Project object */;
			proxyType = 1;
			remoteGlobalIDString = 06CA4B651D9C0203006F3AD3;
			remoteInfo = KSYRKUploadExtUI;
		};
		06CA4B751D9C0203006F3AD3 /* PBXContainerItemProxy */ = {
			isa = PBXContainerItemProxy;
			containerPortal = 06CA4B2D1D9BFA24006F3AD3 /* Project object */;
			proxyType = 1;
			remoteGlobalIDString = 06CA4B551D9C0203006F3AD3;
			remoteInfo = KSYRKUploadExt;
		};
/* End PBXContainerItemProxy section */

/* Begin PBXCopyFilesBuildPhase section */
		06CA4B7E1D9C0203006F3AD3 /* Embed App Extensions */ = {
			isa = PBXCopyFilesBuildPhase;
			buildActionMask = 2147483647;
			dstPath = "";
			dstSubfolderSpec = 13;
			files = (
				06CA4B771D9C0203006F3AD3 /* KSYRKUploadExt.appex in Embed App Extensions */,
				06CA4B741D9C0203006F3AD3 /* KSYRKUploadExtUI.appex in Embed App Extensions */,
			);
			name = "Embed App Extensions";
			runOnlyForDeploymentPostprocessing = 0;
		};
/* End PBXCopyFilesBuildPhase section */

/* Begin PBXFileReference section */
		06CA4B351D9BFA24006F3AD3 /* KSYReplayKitDemo.app */ = {isa = PBXFileReference; explicitFileType = wrapper.application; includeInIndex = 0; path = KSYReplayKitDemo.app; sourceTree = BUILT_PRODUCTS_DIR; };
		06CA4B391D9BFA24006F3AD3 /* main.m */ = {isa = PBXFileReference; lastKnownFileType = sourcecode.c.objc; path = main.m; sourceTree = "<group>"; };
		06CA4B3B1D9BFA24006F3AD3 /* AppDelegate.h */ = {isa = PBXFileReference; lastKnownFileType = sourcecode.c.h; path = AppDelegate.h; sourceTree = "<group>"; };
		06CA4B3C1D9BFA24006F3AD3 /* AppDelegate.m */ = {isa = PBXFileReference; lastKnownFileType = sourcecode.c.objc; path = AppDelegate.m; sourceTree = "<group>"; };
		06CA4B3E1D9BFA24006F3AD3 /* ViewController.h */ = {isa = PBXFileReference; lastKnownFileType = sourcecode.c.h; path = ViewController.h; sourceTree = "<group>"; };
		06CA4B3F1D9BFA24006F3AD3 /* ViewController.m */ = {isa = PBXFileReference; lastKnownFileType = sourcecode.c.objc; path = ViewController.m; sourceTree = "<group>"; };
		06CA4B421D9BFA24006F3AD3 /* Base */ = {isa = PBXFileReference; lastKnownFileType = file.storyboard; name = Base; path = Base.lproj/Main.storyboard; sourceTree = "<group>"; };
		06CA4B441D9BFA24006F3AD3 /* Assets.xcassets */ = {isa = PBXFileReference; lastKnownFileType = folder.assetcatalog; path = Assets.xcassets; sourceTree = "<group>"; };
		06CA4B471D9BFA24006F3AD3 /* Base */ = {isa = PBXFileReference; lastKnownFileType = file.storyboard; name = Base; path = Base.lproj/LaunchScreen.storyboard; sourceTree = "<group>"; };
		06CA4B491D9BFA24006F3AD3 /* Info.plist */ = {isa = PBXFileReference; lastKnownFileType = text.plist.xml; path = Info.plist; sourceTree = "<group>"; };
		06CA4B4F1D9BFB99006F3AD3 /* README.md */ = {isa = PBXFileReference; fileEncoding = 4; lastKnownFileType = net.daringfireball.markdown; path = README.md; sourceTree = "<group>"; };
		06CA4B561D9C0203006F3AD3 /* KSYRKUploadExt.appex */ = {isa = PBXFileReference; explicitFileType = "wrapper.app-extension"; includeInIndex = 0; path = KSYRKUploadExt.appex; sourceTree = BUILT_PRODUCTS_DIR; };
		06CA4B581D9C0203006F3AD3 /* ReplayKit.framework */ = {isa = PBXFileReference; lastKnownFileType = wrapper.framework; name = ReplayKit.framework; path = System/Library/Frameworks/ReplayKit.framework; sourceTree = SDKROOT; };
		06CA4B5E1D9C0203006F3AD3 /* SampleHandler.h */ = {isa = PBXFileReference; lastKnownFileType = sourcecode.c.h; path = SampleHandler.h; sourceTree = "<group>"; };
		06CA4B5F1D9C0203006F3AD3 /* SampleHandler.m */ = {isa = PBXFileReference; lastKnownFileType = sourcecode.c.objc; path = SampleHandler.m; sourceTree = "<group>"; };
		06CA4B611D9C0203006F3AD3 /* Info.plist */ = {isa = PBXFileReference; lastKnownFileType = text.plist.xml; path = Info.plist; sourceTree = "<group>"; };
		06CA4B661D9C0203006F3AD3 /* KSYRKUploadExtUI.appex */ = {isa = PBXFileReference; explicitFileType = "wrapper.app-extension"; includeInIndex = 0; path = KSYRKUploadExtUI.appex; sourceTree = BUILT_PRODUCTS_DIR; };
		06CA4B681D9C0203006F3AD3 /* UIKit.framework */ = {isa = PBXFileReference; lastKnownFileType = wrapper.framework; name = UIKit.framework; path = System/Library/Frameworks/UIKit.framework; sourceTree = SDKROOT; };
		06CA4B6B1D9C0203006F3AD3 /* BroadcastViewController.h */ = {isa = PBXFileReference; lastKnownFileType = sourcecode.c.h; path = BroadcastViewController.h; sourceTree = "<group>"; };
		06CA4B6C1D9C0203006F3AD3 /* BroadcastViewController.m */ = {isa = PBXFileReference; lastKnownFileType = sourcecode.c.objc; path = BroadcastViewController.m; sourceTree = "<group>"; };
		06CA4B6F1D9C0203006F3AD3 /* Base */ = {isa = PBXFileReference; lastKnownFileType = file.storyboard; name = Base; path = Base.lproj/MainInterface.storyboard; sourceTree = "<group>"; };
		06CA4B711D9C0203006F3AD3 /* Info.plist */ = {isa = PBXFileReference; lastKnownFileType = text.plist.xml; path = Info.plist; sourceTree = "<group>"; };
		06DDC3971D9E335E0014B545 /* KSYRKStreamerKit.m */ = {isa = PBXFileReference; fileEncoding = 4; lastKnownFileType = sourcecode.c.objc; path = KSYRKStreamerKit.m; sourceTree = "<group>"; };
		06DDC3981D9E335E0014B545 /* KSYRKStreamerKit.h */ = {isa = PBXFileReference; fileEncoding = 4; lastKnownFileType = sourcecode.c.h; path = KSYRKStreamerKit.h; sourceTree = "<group>"; };
/* End PBXFileReference section */

/* Begin PBXFrameworksBuildPhase section */
		06CA4B321D9BFA24006F3AD3 /* Frameworks */ = {
			isa = PBXFrameworksBuildPhase;
			buildActionMask = 2147483647;
			files = (
			);
			runOnlyForDeploymentPostprocessing = 0;
		};
		06CA4B531D9C0203006F3AD3 /* Frameworks */ = {
			isa = PBXFrameworksBuildPhase;
			buildActionMask = 2147483647;
			files = (
				06CA4B591D9C0203006F3AD3 /* ReplayKit.framework in Frameworks */,
			);
			runOnlyForDeploymentPostprocessing = 0;
		};
		06CA4B631D9C0203006F3AD3 /* Frameworks */ = {
			isa = PBXFrameworksBuildPhase;
			buildActionMask = 2147483647;
			files = (
				06CA4B671D9C0203006F3AD3 /* ReplayKit.framework in Frameworks */,
				06CA4B691D9C0203006F3AD3 /* UIKit.framework in Frameworks */,
			);
			runOnlyForDeploymentPostprocessing = 0;
		};
/* End PBXFrameworksBuildPhase section */

/* Begin PBXGroup section */
		06CA4B2C1D9BFA24006F3AD3 = {
			isa = PBXGroup;
			children = (
				06CA4B4F1D9BFB99006F3AD3 /* README.md */,
				06CA4B371D9BFA24006F3AD3 /* KSYReplayKitDemo */,
				06CA4B5A1D9C0203006F3AD3 /* KSYRKUploadExt */,
				06CA4B6A1D9C0203006F3AD3 /* KSYRKUploadExtUI */,
				06CA4B571D9C0203006F3AD3 /* Frameworks */,
				06CA4B361D9BFA24006F3AD3 /* Products */,
			);
			sourceTree = "<group>";
		};
		06CA4B361D9BFA24006F3AD3 /* Products */ = {
			isa = PBXGroup;
			children = (
				06CA4B351D9BFA24006F3AD3 /* KSYReplayKitDemo.app */,
				06CA4B561D9C0203006F3AD3 /* KSYRKUploadExt.appex */,
				06CA4B661D9C0203006F3AD3 /* KSYRKUploadExtUI.appex */,
			);
			name = Products;
			sourceTree = "<group>";
		};
		06CA4B371D9BFA24006F3AD3 /* KSYReplayKitDemo */ = {
			isa = PBXGroup;
			children = (
				06CA4B3B1D9BFA24006F3AD3 /* AppDelegate.h */,
				06CA4B3C1D9BFA24006F3AD3 /* AppDelegate.m */,
				06CA4B3E1D9BFA24006F3AD3 /* ViewController.h */,
				06CA4B3F1D9BFA24006F3AD3 /* ViewController.m */,
				06CA4B411D9BFA24006F3AD3 /* Main.storyboard */,
				06CA4B441D9BFA24006F3AD3 /* Assets.xcassets */,
				06CA4B461D9BFA24006F3AD3 /* LaunchScreen.storyboard */,
				06CA4B491D9BFA24006F3AD3 /* Info.plist */,
				06CA4B381D9BFA24006F3AD3 /* Supporting Files */,
			);
			path = KSYReplayKitDemo;
			sourceTree = "<group>";
		};
		06CA4B381D9BFA24006F3AD3 /* Supporting Files */ = {
			isa = PBXGroup;
			children = (
				06CA4B391D9BFA24006F3AD3 /* main.m */,
			);
			name = "Supporting Files";
			sourceTree = "<group>";
		};
		06CA4B571D9C0203006F3AD3 /* Frameworks */ = {
			isa = PBXGroup;
			children = (
				06CA4B581D9C0203006F3AD3 /* ReplayKit.framework */,
				06CA4B681D9C0203006F3AD3 /* UIKit.framework */,
			);
			name = Frameworks;
			sourceTree = "<group>";
		};
		06CA4B5A1D9C0203006F3AD3 /* KSYRKUploadExt */ = {
			isa = PBXGroup;
			children = (
				06DDC3971D9E335E0014B545 /* KSYRKStreamerKit.m */,
				06DDC3981D9E335E0014B545 /* KSYRKStreamerKit.h */,
				06CA4B5E1D9C0203006F3AD3 /* SampleHandler.h */,
				06CA4B5F1D9C0203006F3AD3 /* SampleHandler.m */,
				06CA4B611D9C0203006F3AD3 /* Info.plist */,
			);
			path = KSYRKUploadExt;
			sourceTree = "<group>";
		};
		06CA4B6A1D9C0203006F3AD3 /* KSYRKUploadExtUI */ = {
			isa = PBXGroup;
			children = (
				06CA4B6B1D9C0203006F3AD3 /* BroadcastViewController.h */,
				06CA4B6C1D9C0203006F3AD3 /* BroadcastViewController.m */,
				06CA4B6E1D9C0203006F3AD3 /* MainInterface.storyboard */,
				06CA4B711D9C0203006F3AD3 /* Info.plist */,
			);
			path = KSYRKUploadExtUI;
			sourceTree = "<group>";
		};
/* End PBXGroup section */

/* Begin PBXNativeTarget section */
		06CA4B341D9BFA24006F3AD3 /* KSYReplayKitDemo */ = {
			isa = PBXNativeTarget;
			buildConfigurationList = 06CA4B4C1D9BFA24006F3AD3 /* Build configuration list for PBXNativeTarget "KSYReplayKitDemo" */;
			buildPhases = (
				06CA4B311D9BFA24006F3AD3 /* Sources */,
				06CA4B321D9BFA24006F3AD3 /* Frameworks */,
				06CA4B331D9BFA24006F3AD3 /* Resources */,
				06CA4B7E1D9C0203006F3AD3 /* Embed App Extensions */,
			);
			buildRules = (
			);
			dependencies = (
				06CA4B731D9C0203006F3AD3 /* PBXTargetDependency */,
				06CA4B761D9C0203006F3AD3 /* PBXTargetDependency */,
			);
			name = KSYReplayKitDemo;
			productName = KSYReplayKitDemo;
			productReference = 06CA4B351D9BFA24006F3AD3 /* KSYReplayKitDemo.app */;
			productType = "com.apple.product-type.application";
		};
		06CA4B551D9C0203006F3AD3 /* KSYRKUploadExt */ = {
			isa = PBXNativeTarget;
			buildConfigurationList = 06CA4B7B1D9C0203006F3AD3 /* Build configuration list for PBXNativeTarget "KSYRKUploadExt" */;
			buildPhases = (
				06CA4B521D9C0203006F3AD3 /* Sources */,
				06CA4B531D9C0203006F3AD3 /* Frameworks */,
				06CA4B541D9C0203006F3AD3 /* Resources */,
			);
			buildRules = (
			);
			dependencies = (
			);
			name = KSYRKUploadExt;
			productName = KSYRKUploadExt;
			productReference = 06CA4B561D9C0203006F3AD3 /* KSYRKUploadExt.appex */;
			productType = "com.apple.product-type.app-extension";
		};
		06CA4B651D9C0203006F3AD3 /* KSYRKUploadExtUI */ = {
			isa = PBXNativeTarget;
			buildConfigurationList = 06CA4B781D9C0203006F3AD3 /* Build configuration list for PBXNativeTarget "KSYRKUploadExtUI" */;
			buildPhases = (
				06CA4B621D9C0203006F3AD3 /* Sources */,
				06CA4B631D9C0203006F3AD3 /* Frameworks */,
				06CA4B641D9C0203006F3AD3 /* Resources */,
			);
			buildRules = (
			);
			dependencies = (
			);
			name = KSYRKUploadExtUI;
			productName = KSYRKUploadExtUI;
			productReference = 06CA4B661D9C0203006F3AD3 /* KSYRKUploadExtUI.appex */;
			productType = "com.apple.product-type.app-extension";
		};
/* End PBXNativeTarget section */

/* Begin PBXProject section */
		06CA4B2D1D9BFA24006F3AD3 /* Project object */ = {
			isa = PBXProject;
			attributes = {
				LastUpgradeCheck = 0800;
				ORGANIZATIONNAME = ksyun;
				TargetAttributes = {
					06CA4B341D9BFA24006F3AD3 = {
						CreatedOnToolsVersion = 8.0;
						DevelopmentTeam = ZGJ54Q7R45;
						ProvisioningStyle = Automatic;
					};
					06CA4B551D9C0203006F3AD3 = {
						CreatedOnToolsVersion = 8.0;
						DevelopmentTeam = ZGJ54Q7R45;
						ProvisioningStyle = Automatic;
					};
					06CA4B651D9C0203006F3AD3 = {
						CreatedOnToolsVersion = 8.0;
						DevelopmentTeam = ZGJ54Q7R45;
						ProvisioningStyle = Automatic;
					};
				};
			};
			buildConfigurationList = 06CA4B301D9BFA24006F3AD3 /* Build configuration list for PBXProject "KSYReplayKitDemo" */;
			compatibilityVersion = "Xcode 3.2";
			developmentRegion = English;
			hasScannedForEncodings = 0;
			knownRegions = (
				en,
				Base,
			);
			mainGroup = 06CA4B2C1D9BFA24006F3AD3;
			productRefGroup = 06CA4B361D9BFA24006F3AD3 /* Products */;
			projectDirPath = "";
			projectRoot = "";
			targets = (
				06CA4B341D9BFA24006F3AD3 /* KSYReplayKitDemo */,
				06CA4B551D9C0203006F3AD3 /* KSYRKUploadExt */,
				06CA4B651D9C0203006F3AD3 /* KSYRKUploadExtUI */,
			);
		};
/* End PBXProject section */

/* Begin PBXResourcesBuildPhase section */
		06CA4B331D9BFA24006F3AD3 /* Resources */ = {
			isa = PBXResourcesBuildPhase;
			buildActionMask = 2147483647;
			files = (
				06CA4B481D9BFA24006F3AD3 /* LaunchScreen.storyboard in Resources */,
				06CA4B451D9BFA24006F3AD3 /* Assets.xcassets in Resources */,
				06CA4B431D9BFA24006F3AD3 /* Main.storyboard in Resources */,
			);
			runOnlyForDeploymentPostprocessing = 0;
		};
		06CA4B541D9C0203006F3AD3 /* Resources */ = {
			isa = PBXResourcesBuildPhase;
			buildActionMask = 2147483647;
			files = (
			);
			runOnlyForDeploymentPostprocessing = 0;
		};
		06CA4B641D9C0203006F3AD3 /* Resources */ = {
			isa = PBXResourcesBuildPhase;
			buildActionMask = 2147483647;
			files = (
				06CA4B701D9C0203006F3AD3 /* MainInterface.storyboard in Resources */,
			);
			runOnlyForDeploymentPostprocessing = 0;
		};
/* End PBXResourcesBuildPhase section */

/* Begin PBXSourcesBuildPhase section */
		06CA4B311D9BFA24006F3AD3 /* Sources */ = {
			isa = PBXSourcesBuildPhase;
			buildActionMask = 2147483647;
			files = (
				06CA4B401D9BFA24006F3AD3 /* ViewController.m in Sources */,
				06CA4B3D1D9BFA24006F3AD3 /* AppDelegate.m in Sources */,
				06CA4B3A1D9BFA24006F3AD3 /* main.m in Sources */,
			);
			runOnlyForDeploymentPostprocessing = 0;
		};
		06CA4B521D9C0203006F3AD3 /* Sources */ = {
			isa = PBXSourcesBuildPhase;
			buildActionMask = 2147483647;
			files = (
				06DDC3991D9E335E0014B545 /* KSYRKStreamerKit.m in Sources */,
				06CA4B601D9C0203006F3AD3 /* SampleHandler.m in Sources */,
			);
			runOnlyForDeploymentPostprocessing = 0;
		};
		06CA4B621D9C0203006F3AD3 /* Sources */ = {
			isa = PBXSourcesBuildPhase;
			buildActionMask = 2147483647;
			files = (
				06CA4B6D1D9C0203006F3AD3 /* BroadcastViewController.m in Sources */,
			);
			runOnlyForDeploymentPostprocessing = 0;
		};
/* End PBXSourcesBuildPhase section */

/* Begin PBXTargetDependency section */
		06CA4B731D9C0203006F3AD3 /* PBXTargetDependency */ = {
			isa = PBXTargetDependency;
			target = 06CA4B651D9C0203006F3AD3 /* KSYRKUploadExtUI */;
			targetProxy = 06CA4B721D9C0203006F3AD3 /* PBXContainerItemProxy */;
		};
		06CA4B761D9C0203006F3AD3 /* PBXTargetDependency */ = {
			isa = PBXTargetDependency;
			target = 06CA4B551D9C0203006F3AD3 /* KSYRKUploadExt */;
			targetProxy = 06CA4B751D9C0203006F3AD3 /* PBXContainerItemProxy */;
		};
/* End PBXTargetDependency section */

/* Begin PBXVariantGroup section */
		06CA4B411D9BFA24006F3AD3 /* Main.storyboard */ = {
			isa = PBXVariantGroup;
			children = (
				06CA4B421D9BFA24006F3AD3 /* Base */,
			);
			name = Main.storyboard;
			sourceTree = "<group>";
		};
		06CA4B461D9BFA24006F3AD3 /* LaunchScreen.storyboard */ = {
			isa = PBXVariantGroup;
			children = (
				06CA4B471D9BFA24006F3AD3 /* Base */,
			);
			name = LaunchScreen.storyboard;
			sourceTree = "<group>";
		};
		06CA4B6E1D9C0203006F3AD3 /* MainInterface.storyboard */ = {
			isa = PBXVariantGroup;
			children = (
				06CA4B6F1D9C0203006F3AD3 /* Base */,
			);
			name = MainInterface.storyboard;
			sourceTree = "<group>";
		};
/* End PBXVariantGroup section */

/* Begin XCBuildConfiguration section */
		06CA4B4A1D9BFA24006F3AD3 /* Debug */ = {
			isa = XCBuildConfiguration;
			buildSettings = {
				ALWAYS_SEARCH_USER_PATHS = NO;
				CLANG_ANALYZER_NONNULL = YES;
				CLANG_CXX_LANGUAGE_STANDARD = "gnu++0x";
				CLANG_CXX_LIBRARY = "libc++";
				CLANG_ENABLE_MODULES = YES;
				CLANG_ENABLE_OBJC_ARC = YES;
				CLANG_WARN_BOOL_CONVERSION = YES;
				CLANG_WARN_CONSTANT_CONVERSION = YES;
				CLANG_WARN_DIRECT_OBJC_ISA_USAGE = YES_ERROR;
				CLANG_WARN_DOCUMENTATION_COMMENTS = YES;
				CLANG_WARN_EMPTY_BODY = YES;
				CLANG_WARN_ENUM_CONVERSION = YES;
				CLANG_WARN_INFINITE_RECURSION = YES;
				CLANG_WARN_INT_CONVERSION = YES;
				CLANG_WARN_OBJC_ROOT_CLASS = YES_ERROR;
				CLANG_WARN_SUSPICIOUS_MOVES = YES;
				CLANG_WARN_UNREACHABLE_CODE = YES;
				CLANG_WARN__DUPLICATE_METHOD_MATCH = YES;
				"CODE_SIGN_IDENTITY[sdk=iphoneos*]" = "iPhone Developer";
				COPY_PHASE_STRIP = NO;
				DEBUG_INFORMATION_FORMAT = dwarf;
				ENABLE_STRICT_OBJC_MSGSEND = YES;
				ENABLE_TESTABILITY = YES;
				GCC_C_LANGUAGE_STANDARD = gnu99;
				GCC_DYNAMIC_NO_PIC = NO;
				GCC_NO_COMMON_BLOCKS = YES;
				GCC_OPTIMIZATION_LEVEL = 0;
				GCC_PREPROCESSOR_DEFINITIONS = (
					"DEBUG=1",
					"$(inherited)",
				);
				GCC_WARN_64_TO_32_BIT_CONVERSION = YES;
				GCC_WARN_ABOUT_RETURN_TYPE = YES_ERROR;
				GCC_WARN_UNDECLARED_SELECTOR = YES;
				GCC_WARN_UNINITIALIZED_AUTOS = YES_AGGRESSIVE;
				GCC_WARN_UNUSED_FUNCTION = YES;
				GCC_WARN_UNUSED_VARIABLE = YES;
				IPHONEOS_DEPLOYMENT_TARGET = 10.0;
				MTL_ENABLE_DEBUG_INFO = YES;
				ONLY_ACTIVE_ARCH = YES;
				SDKROOT = iphoneos;
				TARGETED_DEVICE_FAMILY = "1,2";
			};
			name = Debug;
		};
		06CA4B4B1D9BFA24006F3AD3 /* Release */ = {
			isa = XCBuildConfiguration;
			buildSettings = {
				ALWAYS_SEARCH_USER_PATHS = NO;
				CLANG_ANALYZER_NONNULL = YES;
				CLANG_CXX_LANGUAGE_STANDARD = "gnu++0x";
				CLANG_CXX_LIBRARY = "libc++";
				CLANG_ENABLE_MODULES = YES;
				CLANG_ENABLE_OBJC_ARC = YES;
				CLANG_WARN_BOOL_CONVERSION = YES;
				CLANG_WARN_CONSTANT_CONVERSION = YES;
				CLANG_WARN_DIRECT_OBJC_ISA_USAGE = YES_ERROR;
				CLANG_WARN_DOCUMENTATION_COMMENTS = YES;
				CLANG_WARN_EMPTY_BODY = YES;
				CLANG_WARN_ENUM_CONVERSION = YES;
				CLANG_WARN_INFINITE_RECURSION = YES;
				CLANG_WARN_INT_CONVERSION = YES;
				CLANG_WARN_OBJC_ROOT_CLASS = YES_ERROR;
				CLANG_WARN_SUSPICIOUS_MOVES = YES;
				CLANG_WARN_UNREACHABLE_CODE = YES;
				CLANG_WARN__DUPLICATE_METHOD_MATCH = YES;
				"CODE_SIGN_IDENTITY[sdk=iphoneos*]" = "iPhone Developer";
				COPY_PHASE_STRIP = NO;
				DEBUG_INFORMATION_FORMAT = "dwarf-with-dsym";
				ENABLE_NS_ASSERTIONS = NO;
				ENABLE_STRICT_OBJC_MSGSEND = YES;
				GCC_C_LANGUAGE_STANDARD = gnu99;
				GCC_NO_COMMON_BLOCKS = YES;
				GCC_WARN_64_TO_32_BIT_CONVERSION = YES;
				GCC_WARN_ABOUT_RETURN_TYPE = YES_ERROR;
				GCC_WARN_UNDECLARED_SELECTOR = YES;
				GCC_WARN_UNINITIALIZED_AUTOS = YES_AGGRESSIVE;
				GCC_WARN_UNUSED_FUNCTION = YES;
				GCC_WARN_UNUSED_VARIABLE = YES;
				IPHONEOS_DEPLOYMENT_TARGET = 10.0;
				MTL_ENABLE_DEBUG_INFO = NO;
				SDKROOT = iphoneos;
				TARGETED_DEVICE_FAMILY = "1,2";
				VALIDATE_PRODUCT = YES;
			};
			name = Release;
		};
		06CA4B4D1D9BFA24006F3AD3 /* Debug */ = {
			isa = XCBuildConfiguration;
			buildSettings = {
				ASSETCATALOG_COMPILER_APPICON_NAME = AppIcon;
				DEVELOPMENT_TEAM = ZGJ54Q7R45;
				INFOPLIST_FILE = KSYReplayKitDemo/Info.plist;
				LD_RUNPATH_SEARCH_PATHS = "$(inherited) @executable_path/Frameworks";
				PRODUCT_BUNDLE_IDENTIFIER = com.ksyun.ios.KSYReplayKitDemo;
				PRODUCT_NAME = "$(TARGET_NAME)";
			};
			name = Debug;
		};
		06CA4B4E1D9BFA24006F3AD3 /* Release */ = {
			isa = XCBuildConfiguration;
			buildSettings = {
				ASSETCATALOG_COMPILER_APPICON_NAME = AppIcon;
				DEVELOPMENT_TEAM = ZGJ54Q7R45;
				INFOPLIST_FILE = KSYReplayKitDemo/Info.plist;
				LD_RUNPATH_SEARCH_PATHS = "$(inherited) @executable_path/Frameworks";
				PRODUCT_BUNDLE_IDENTIFIER = com.ksyun.ios.KSYReplayKitDemo;
				PRODUCT_NAME = "$(TARGET_NAME)";
			};
			name = Release;
		};
		06CA4B791D9C0203006F3AD3 /* Debug */ = {
			isa = XCBuildConfiguration;
			buildSettings = {
				DEVELOPMENT_TEAM = ZGJ54Q7R45;
				INFOPLIST_FILE = KSYRKUploadExtUI/Info.plist;
				LD_RUNPATH_SEARCH_PATHS = "$(inherited) @executable_path/Frameworks @executable_path/../../Frameworks";
				PRODUCT_BUNDLE_IDENTIFIER = com.ksyun.ios.KSYReplayKitDemo.KSYRKUploadExtUI;
				PRODUCT_NAME = "$(TARGET_NAME)";
				SKIP_INSTALL = YES;
			};
			name = Debug;
		};
		06CA4B7A1D9C0203006F3AD3 /* Release */ = {
			isa = XCBuildConfiguration;
			buildSettings = {
				DEVELOPMENT_TEAM = ZGJ54Q7R45;
				INFOPLIST_FILE = KSYRKUploadExtUI/Info.plist;
				LD_RUNPATH_SEARCH_PATHS = "$(inherited) @executable_path/Frameworks @executable_path/../../Frameworks";
				PRODUCT_BUNDLE_IDENTIFIER = com.ksyun.ios.KSYReplayKitDemo.KSYRKUploadExtUI;
				PRODUCT_NAME = "$(TARGET_NAME)";
				SKIP_INSTALL = YES;
			};
			name = Release;
		};
		06CA4B7C1D9C0203006F3AD3 /* Debug */ = {
			isa = XCBuildConfiguration;
			buildSettings = {
				DEVELOPMENT_TEAM = ZGJ54Q7R45;
				INFOPLIST_FILE = KSYRKUploadExt/Info.plist;
				LD_RUNPATH_SEARCH_PATHS = "$(inherited) @executable_path/Frameworks @executable_path/../../Frameworks";
				PRODUCT_BUNDLE_IDENTIFIER = com.ksyun.ios.KSYReplayKitDemo.KSYRKUploadExt;
				PRODUCT_NAME = "$(TARGET_NAME)";
				SKIP_INSTALL = YES;
			};
			name = Debug;
		};
		06CA4B7D1D9C0203006F3AD3 /* Release */ = {
			isa = XCBuildConfiguration;
			buildSettings = {
				DEVELOPMENT_TEAM = ZGJ54Q7R45;
				INFOPLIST_FILE = KSYRKUploadExt/Info.plist;
				LD_RUNPATH_SEARCH_PATHS = "$(inherited) @executable_path/Frameworks @executable_path/../../Frameworks";
				PRODUCT_BUNDLE_IDENTIFIER = com.ksyun.ios.KSYReplayKitDemo.KSYRKUploadExt;
				PRODUCT_NAME = "$(TARGET_NAME)";
				SKIP_INSTALL = YES;
			};
			name = Release;
		};
/* End XCBuildConfiguration section */

/* Begin XCConfigurationList section */
		06CA4B301D9BFA24006F3AD3 /* Build configuration list for PBXProject "KSYReplayKitDemo" */ = {
			isa = XCConfigurationList;
			buildConfigurations = (
				06CA4B4A1D9BFA24006F3AD3 /* Debug */,
				06CA4B4B1D9BFA24006F3AD3 /* Release */,
			);
			defaultConfigurationIsVisible = 0;
			defaultConfigurationName = Release;
		};
		06CA4B4C1D9BFA24006F3AD3 /* Build configuration list for PBXNativeTarget "KSYReplayKitDemo" */ = {
			isa = XCConfigurationList;
			buildConfigurations = (
				06CA4B4D1D9BFA24006F3AD3 /* Debug */,
				06CA4B4E1D9BFA24006F3AD3 /* Release */,
			);
			defaultConfigurationIsVisible = 0;
			defaultConfigurationName = Release;
		};
		06CA4B781D9C0203006F3AD3 /* Build configuration list for PBXNativeTarget "KSYRKUploadExtUI" */ = {
			isa = XCConfigurationList;
			buildConfigurations = (
				06CA4B791D9C0203006F3AD3 /* Debug */,
				06CA4B7A1D9C0203006F3AD3 /* Release */,
			);
			defaultConfigurationIsVisible = 0;
			defaultConfigurationName = Release;
		};
		06CA4B7B1D9C0203006F3AD3 /* Build configuration list for PBXNativeTarget "KSYRKUploadExt" */ = {
			isa = XCConfigurationList;
			buildConfigurations = (
				06CA4B7C1D9C0203006F3AD3 /* Debug */,
				06CA4B7D1D9C0203006F3AD3 /* Release */,
			);
			defaultConfigurationIsVisible = 0;
			defaultConfigurationName = Release;
		};
/* End XCConfigurationList section */
	};
	rootObject = 06CA4B2D1D9BFA24006F3AD3 /* Project object */;
}
